
Microsoft Visual Studio Solution File, Format Version 12.00
# Visual Studio Version 17
VisualStudioVersion = 17.0.32112.339
MinimumVisualStudioVersion = 10.0.40219.1
Project("{FAE04EC0-301F-11D3-BF4B-00C04F79EFBC}") = "PaintApplication", "PaintApplication.csproj", "{EDDD5850-9B78-48A1-873E-DFD03CA635BC}"
EndProject
Global
	GlobalSection(SolutionConfigurationPlatforms) = preSolution
		Debug|Any CPU = Debug|Any CPU
		Release|Any CPU = Release|Any CPU
	EndGlobalSection
	GlobalSection(ProjectConfigurationPlatforms) = postSolution
		{EDDD5850-9B78-48A1-873E-DFD03CA635BC}.Debug|Any CPU.ActiveCfg = Debug|Any CPU
		{EDDD5850-9B78-48A1-873E-DFD03CA635BC}.Debug|Any CPU.Build.0 = Debug|Any CPU
		{EDDD5850-9B78-48A1-873E-DFD03CA635BC}.Release|Any CPU.ActiveCfg = Release|Any CPU
		{EDDD5850-9B78-48A1-873E-DFD03CA635BC}.Release|Any CPU.Build.0 = Release|Any CPU
	EndGlobalSection
	GlobalSection(SolutionProperties) = preSolution
		HideSolutionNode = FALSE
	EndGlobalSection
	GlobalSection(ExtensibilityGlobals) = postSolution
		SolutionGuid = {BED70411-AF7D-45EF-A83E-28EF34E023E1}
	EndGlobalSection
EndGlobal
