
Microsoft Visual Studio Solution File, Format Version 12.00
# Visual Studio Version 17
VisualStudioVersion = 17.0.32112.339
MinimumVisualStudioVersion = 10.0.40219.1
Project("{FAE04EC0-301F-11D3-BF4B-00C04F79EFBC}") = "MusicPlayer", "MusicPlayer.csproj", "{29D16D06-90B8-45A8-B918-88D8A36506E7}"
EndProject
Global
	GlobalSection(SolutionConfigurationPlatforms) = preSolution
		Debug|Any CPU = Debug|Any CPU
		Release|Any CPU = Release|Any CPU
	EndGlobalSection
	GlobalSection(ProjectConfigurationPlatforms) = postSolution
		{29D16D06-90B8-45A8-B918-88D8A36506E7}.Debug|Any CPU.ActiveCfg = Debug|Any CPU
		{29D16D06-90B8-45A8-B918-88D8A36506E7}.Debug|Any CPU.Build.0 = Debug|Any CPU
		{29D16D06-90B8-45A8-B918-88D8A36506E7}.Release|Any CPU.ActiveCfg = Release|Any CPU
		{29D16D06-90B8-45A8-B918-88D8A36506E7}.Release|Any CPU.Build.0 = Release|Any CPU
	EndGlobalSection
	GlobalSection(SolutionProperties) = preSolution
		HideSolutionNode = FALSE
	EndGlobalSection
	GlobalSection(ExtensibilityGlobals) = postSolution
		SolutionGuid = {20E7D343-B1C1-4709-936E-2D071F408747}
	EndGlobalSection
EndGlobal
